
Microsoft Visual Studio Solution File, Format Version 12.00
# Visual Studio 15
VisualStudioVersion = 15.0.28307.329
MinimumVisualStudioVersion = 10.0.40219.1
Project("{FAE04EC0-301F-11D3-BF4B-00C04F79EFBC}") = "WordWrap", "WorWrap\WordWrap.csproj", "{C4FA7FA0-76C8-40B4-8E82-BD6860CF82B9}"
EndProject
Project("{FAE04EC0-301F-11D3-BF4B-00C04F79EFBC}") = "WordWrap.Test", "WordWrap.Test\WordWrap.Test.csproj", "{D173C50D-42CD-4D54-A565-D4F04C16D501}"
EndProject
Global
	GlobalSection(SolutionConfigurationPlatforms) = preSolution
		Debug|Any CPU = Debug|Any CPU
		Release|Any CPU = Release|Any CPU
	EndGlobalSection
	GlobalSection(ProjectConfigurationPlatforms) = postSolution
		{C4FA7FA0-76C8-40B4-8E82-BD6860CF82B9}.Debug|Any CPU.ActiveCfg = Debug|Any CPU
		{C4FA7FA0-76C8-40B4-8E82-BD6860CF82B9}.Debug|Any CPU.Build.0 = Debug|Any CPU
		{C4FA7FA0-76C8-40B4-8E82-BD6860CF82B9}.Release|Any CPU.ActiveCfg = Release|Any CPU
		{C4FA7FA0-76C8-40B4-8E82-BD6860CF82B9}.Release|Any CPU.Build.0 = Release|Any CPU
		{D173C50D-42CD-4D54-A565-D4F04C16D501}.Debug|Any CPU.ActiveCfg = Debug|Any CPU
		{D173C50D-42CD-4D54-A565-D4F04C16D501}.Debug|Any CPU.Build.0 = Debug|Any CPU
		{D173C50D-42CD-4D54-A565-D4F04C16D501}.Release|Any CPU.ActiveCfg = Release|Any CPU
		{D173C50D-42CD-4D54-A565-D4F04C16D501}.Release|Any CPU.Build.0 = Release|Any CPU
	EndGlobalSection
	GlobalSection(SolutionProperties) = preSolution
		HideSolutionNode = FALSE
	EndGlobalSection
	GlobalSection(ExtensibilityGlobals) = postSolution
		SolutionGuid = {A2C00DE4-210F-4CCC-A59F-3F9FAC8FF098}
	EndGlobalSection
EndGlobal
