
Microsoft Visual Studio Solution File, Format Version 12.00
# Visual Studio 15
VisualStudioVersion = 15.0.28307.329
MinimumVisualStudioVersion = 10.0.40219.1
Project("{FAE04EC0-301F-11D3-BF4B-00C04F79EFBC}") = "RotateImage.Tests", "RotateImage.Tests\RotateImage.Tests.csproj", "{1D486C5B-17E3-444F-887B-42528CF2B2EA}"
EndProject
Global
	GlobalSection(SolutionConfigurationPlatforms) = preSolution
		Debug|Any CPU = Debug|Any CPU
		Release|Any CPU = Release|Any CPU
	EndGlobalSection
	GlobalSection(ProjectConfigurationPlatforms) = postSolution
		{1D486C5B-17E3-444F-887B-42528CF2B2EA}.Debug|Any CPU.ActiveCfg = Debug|Any CPU
		{1D486C5B-17E3-444F-887B-42528CF2B2EA}.Debug|Any CPU.Build.0 = Debug|Any CPU
		{1D486C5B-17E3-444F-887B-42528CF2B2EA}.Release|Any CPU.ActiveCfg = Release|Any CPU
		{1D486C5B-17E3-444F-887B-42528CF2B2EA}.Release|Any CPU.Build.0 = Release|Any CPU
	EndGlobalSection
	GlobalSection(SolutionProperties) = preSolution
		HideSolutionNode = FALSE
	EndGlobalSection
	GlobalSection(ExtensibilityGlobals) = postSolution
		SolutionGuid = {D307F979-4E5B-41E2-B065-7D1EE1FB5063}
	EndGlobalSection
EndGlobal
