
Microsoft Visual Studio Solution File, Format Version 12.00
# Visual Studio 15
VisualStudioVersion = 15.0.28307.329
MinimumVisualStudioVersion = 10.0.40219.1
Project("{FAE04EC0-301F-11D3-BF4B-00C04F79EFBC}") = "WordWrap", "WordWrap\WordWrap.csproj", "{B102B2E2-E423-420F-AB97-1403A704B3A8}"
EndProject
Project("{FAE04EC0-301F-11D3-BF4B-00C04F79EFBC}") = "WordWrapTests", "WordWrapTests\WordWrapTests.csproj", "{3322A27F-8960-41D4-A952-AEA52A262023}"
EndProject
Global
	GlobalSection(SolutionConfigurationPlatforms) = preSolution
		Debug|Any CPU = Debug|Any CPU
		Release|Any CPU = Release|Any CPU
	EndGlobalSection
	GlobalSection(ProjectConfigurationPlatforms) = postSolution
		{B102B2E2-E423-420F-AB97-1403A704B3A8}.Debug|Any CPU.ActiveCfg = Debug|Any CPU
		{B102B2E2-E423-420F-AB97-1403A704B3A8}.Debug|Any CPU.Build.0 = Debug|Any CPU
		{B102B2E2-E423-420F-AB97-1403A704B3A8}.Release|Any CPU.ActiveCfg = Release|Any CPU
		{B102B2E2-E423-420F-AB97-1403A704B3A8}.Release|Any CPU.Build.0 = Release|Any CPU
		{3322A27F-8960-41D4-A952-AEA52A262023}.Debug|Any CPU.ActiveCfg = Debug|Any CPU
		{3322A27F-8960-41D4-A952-AEA52A262023}.Debug|Any CPU.Build.0 = Debug|Any CPU
		{3322A27F-8960-41D4-A952-AEA52A262023}.Release|Any CPU.ActiveCfg = Release|Any CPU
		{3322A27F-8960-41D4-A952-AEA52A262023}.Release|Any CPU.Build.0 = Release|Any CPU
	EndGlobalSection
	GlobalSection(SolutionProperties) = preSolution
		HideSolutionNode = FALSE
	EndGlobalSection
	GlobalSection(ExtensibilityGlobals) = postSolution
		SolutionGuid = {E6595B11-14D8-49B8-96D3-C0B7B626898D}
	EndGlobalSection
EndGlobal
