
Microsoft Visual Studio Solution File, Format Version 12.00
# Visual Studio 15
VisualStudioVersion = 15.0.28307.329
MinimumVisualStudioVersion = 10.0.40219.1
Project("{FAE04EC0-301F-11D3-BF4B-00C04F79EFBC}") = "WordWrap", "WordWrap\WordWrap.csproj", "{6CAFEC55-712C-4A8E-A018-0AE829851B0C}"
EndProject
Project("{FAE04EC0-301F-11D3-BF4B-00C04F79EFBC}") = "WordWrapTest", "WordWrapTest\WordWrapTest.csproj", "{6B103F4F-0485-42ED-A429-7FD74CA95851}"
EndProject
Global
	GlobalSection(SolutionConfigurationPlatforms) = preSolution
		Debug|Any CPU = Debug|Any CPU
		Release|Any CPU = Release|Any CPU
	EndGlobalSection
	GlobalSection(ProjectConfigurationPlatforms) = postSolution
		{6CAFEC55-712C-4A8E-A018-0AE829851B0C}.Debug|Any CPU.ActiveCfg = Debug|Any CPU
		{6CAFEC55-712C-4A8E-A018-0AE829851B0C}.Debug|Any CPU.Build.0 = Debug|Any CPU
		{6CAFEC55-712C-4A8E-A018-0AE829851B0C}.Release|Any CPU.ActiveCfg = Release|Any CPU
		{6CAFEC55-712C-4A8E-A018-0AE829851B0C}.Release|Any CPU.Build.0 = Release|Any CPU
		{6B103F4F-0485-42ED-A429-7FD74CA95851}.Debug|Any CPU.ActiveCfg = Debug|Any CPU
		{6B103F4F-0485-42ED-A429-7FD74CA95851}.Debug|Any CPU.Build.0 = Debug|Any CPU
		{6B103F4F-0485-42ED-A429-7FD74CA95851}.Release|Any CPU.ActiveCfg = Release|Any CPU
		{6B103F4F-0485-42ED-A429-7FD74CA95851}.Release|Any CPU.Build.0 = Release|Any CPU
	EndGlobalSection
	GlobalSection(SolutionProperties) = preSolution
		HideSolutionNode = FALSE
	EndGlobalSection
	GlobalSection(ExtensibilityGlobals) = postSolution
		SolutionGuid = {B756D149-591F-4BA0-80E6-D961067728AD}
	EndGlobalSection
EndGlobal
