
Microsoft Visual Studio Solution File, Format Version 12.00
# Visual Studio 15
VisualStudioVersion = 15.0.28307.329
MinimumVisualStudioVersion = 10.0.40219.1
Project("{FAE04EC0-301F-11D3-BF4B-00C04F79EFBC}") = "WordWrap", "WordWrap\WordWrap.csproj", "{D8855650-623B-451A-AA29-D743829C9860}"
EndProject
Project("{FAE04EC0-301F-11D3-BF4B-00C04F79EFBC}") = "WordWrap.Test", "WordWrap.Test\WordWrap.Test.csproj", "{FE60AC9B-45DB-4C39-A1EB-164AB6EC5D06}"
EndProject
Global
	GlobalSection(SolutionConfigurationPlatforms) = preSolution
		Debug|Any CPU = Debug|Any CPU
		Release|Any CPU = Release|Any CPU
	EndGlobalSection
	GlobalSection(ProjectConfigurationPlatforms) = postSolution
		{D8855650-623B-451A-AA29-D743829C9860}.Debug|Any CPU.ActiveCfg = Debug|Any CPU
		{D8855650-623B-451A-AA29-D743829C9860}.Debug|Any CPU.Build.0 = Debug|Any CPU
		{D8855650-623B-451A-AA29-D743829C9860}.Release|Any CPU.ActiveCfg = Release|Any CPU
		{D8855650-623B-451A-AA29-D743829C9860}.Release|Any CPU.Build.0 = Release|Any CPU
		{FE60AC9B-45DB-4C39-A1EB-164AB6EC5D06}.Debug|Any CPU.ActiveCfg = Debug|Any CPU
		{FE60AC9B-45DB-4C39-A1EB-164AB6EC5D06}.Debug|Any CPU.Build.0 = Debug|Any CPU
		{FE60AC9B-45DB-4C39-A1EB-164AB6EC5D06}.Release|Any CPU.ActiveCfg = Release|Any CPU
		{FE60AC9B-45DB-4C39-A1EB-164AB6EC5D06}.Release|Any CPU.Build.0 = Release|Any CPU
	EndGlobalSection
	GlobalSection(SolutionProperties) = preSolution
		HideSolutionNode = FALSE
	EndGlobalSection
	GlobalSection(ExtensibilityGlobals) = postSolution
		SolutionGuid = {07430F50-7950-4DA2-9961-8C208988E4C4}
	EndGlobalSection
EndGlobal
