
Microsoft Visual Studio Solution File, Format Version 12.00
# Visual Studio 15
VisualStudioVersion = 15.0.28307.329
MinimumVisualStudioVersion = 10.0.40219.1
Project("{FAE04EC0-301F-11D3-BF4B-00C04F79EFBC}") = "ImageLibrary", "ImageLibrary\ImageLibrary.csproj", "{55F39BA4-5C33-479D-B099-E83E026387CE}"
EndProject
Project("{FAE04EC0-301F-11D3-BF4B-00C04F79EFBC}") = "ImageLibrary.Tests", "ImageLibrary.Tests\ImageLibrary.Tests.csproj", "{3802C007-12C7-47E4-B1DF-07A5F074D111}"
EndProject
Global
	GlobalSection(SolutionConfigurationPlatforms) = preSolution
		Debug|Any CPU = Debug|Any CPU
		Release|Any CPU = Release|Any CPU
	EndGlobalSection
	GlobalSection(ProjectConfigurationPlatforms) = postSolution
		{55F39BA4-5C33-479D-B099-E83E026387CE}.Debug|Any CPU.ActiveCfg = Debug|Any CPU
		{55F39BA4-5C33-479D-B099-E83E026387CE}.Debug|Any CPU.Build.0 = Debug|Any CPU
		{55F39BA4-5C33-479D-B099-E83E026387CE}.Release|Any CPU.ActiveCfg = Release|Any CPU
		{55F39BA4-5C33-479D-B099-E83E026387CE}.Release|Any CPU.Build.0 = Release|Any CPU
		{3802C007-12C7-47E4-B1DF-07A5F074D111}.Debug|Any CPU.ActiveCfg = Debug|Any CPU
		{3802C007-12C7-47E4-B1DF-07A5F074D111}.Debug|Any CPU.Build.0 = Debug|Any CPU
		{3802C007-12C7-47E4-B1DF-07A5F074D111}.Release|Any CPU.ActiveCfg = Release|Any CPU
		{3802C007-12C7-47E4-B1DF-07A5F074D111}.Release|Any CPU.Build.0 = Release|Any CPU
	EndGlobalSection
	GlobalSection(SolutionProperties) = preSolution
		HideSolutionNode = FALSE
	EndGlobalSection
	GlobalSection(ExtensibilityGlobals) = postSolution
		SolutionGuid = {99069593-9BD6-4BCA-9E0D-1FE5C76F99FA}
	EndGlobalSection
EndGlobal
