
Microsoft Visual Studio Solution File, Format Version 12.00
# Visual Studio 15
VisualStudioVersion = 15.0.28307.329
MinimumVisualStudioVersion = 10.0.40219.1
Project("{9A19103F-16F7-4668-BE54-9A1E7A4F7556}") = "RotateImage", "rotate-image\RotateImage.csproj", "{72EA1A24-EAAA-4C7D-9308-CE1E7897E49B}"
EndProject
Project("{FAE04EC0-301F-11D3-BF4B-00C04F79EFBC}") = "RotateImage.Tests", "RotateImage.Tests\RotateImage.Tests.csproj", "{97F1D91D-63C7-422F-A8EA-085A1A7903C8}"
EndProject
Global
	GlobalSection(SolutionConfigurationPlatforms) = preSolution
		Debug|Any CPU = Debug|Any CPU
		Release|Any CPU = Release|Any CPU
	EndGlobalSection
	GlobalSection(ProjectConfigurationPlatforms) = postSolution
		{72EA1A24-EAAA-4C7D-9308-CE1E7897E49B}.Debug|Any CPU.ActiveCfg = Debug|Any CPU
		{72EA1A24-EAAA-4C7D-9308-CE1E7897E49B}.Debug|Any CPU.Build.0 = Debug|Any CPU
		{72EA1A24-EAAA-4C7D-9308-CE1E7897E49B}.Release|Any CPU.ActiveCfg = Release|Any CPU
		{72EA1A24-EAAA-4C7D-9308-CE1E7897E49B}.Release|Any CPU.Build.0 = Release|Any CPU
		{97F1D91D-63C7-422F-A8EA-085A1A7903C8}.Debug|Any CPU.ActiveCfg = Debug|Any CPU
		{97F1D91D-63C7-422F-A8EA-085A1A7903C8}.Debug|Any CPU.Build.0 = Debug|Any CPU
		{97F1D91D-63C7-422F-A8EA-085A1A7903C8}.Release|Any CPU.ActiveCfg = Release|Any CPU
		{97F1D91D-63C7-422F-A8EA-085A1A7903C8}.Release|Any CPU.Build.0 = Release|Any CPU
	EndGlobalSection
	GlobalSection(SolutionProperties) = preSolution
		HideSolutionNode = FALSE
	EndGlobalSection
	GlobalSection(ExtensibilityGlobals) = postSolution
		SolutionGuid = {4D4DBB60-69F9-4A95-AB82-A1DEDED1A07C}
	EndGlobalSection
EndGlobal
