
Microsoft Visual Studio Solution File, Format Version 12.00
# Visual Studio 15
VisualStudioVersion = 15.0.28307.329
MinimumVisualStudioVersion = 10.0.40219.1
Project("{FAE04EC0-301F-11D3-BF4B-00C04F79EFBC}") = "MaxBinaryTree", "MaxBinaryTree\MaxBinaryTree.csproj", "{1CA6C284-975F-4CEC-B49A-EA6D202E96AA}"
EndProject
Project("{FAE04EC0-301F-11D3-BF4B-00C04F79EFBC}") = "MaxBinaryTree.Tests", "MaxBinaryTree.Tests\MaxBinaryTree.Tests.csproj", "{3D9F3F12-EB17-4D09-8967-A7B0268466DB}"
EndProject
Global
	GlobalSection(SolutionConfigurationPlatforms) = preSolution
		Debug|Any CPU = Debug|Any CPU
		Release|Any CPU = Release|Any CPU
	EndGlobalSection
	GlobalSection(ProjectConfigurationPlatforms) = postSolution
		{1CA6C284-975F-4CEC-B49A-EA6D202E96AA}.Debug|Any CPU.ActiveCfg = Debug|Any CPU
		{1CA6C284-975F-4CEC-B49A-EA6D202E96AA}.Debug|Any CPU.Build.0 = Debug|Any CPU
		{1CA6C284-975F-4CEC-B49A-EA6D202E96AA}.Release|Any CPU.ActiveCfg = Release|Any CPU
		{1CA6C284-975F-4CEC-B49A-EA6D202E96AA}.Release|Any CPU.Build.0 = Release|Any CPU
		{3D9F3F12-EB17-4D09-8967-A7B0268466DB}.Debug|Any CPU.ActiveCfg = Debug|Any CPU
		{3D9F3F12-EB17-4D09-8967-A7B0268466DB}.Debug|Any CPU.Build.0 = Debug|Any CPU
		{3D9F3F12-EB17-4D09-8967-A7B0268466DB}.Release|Any CPU.ActiveCfg = Release|Any CPU
		{3D9F3F12-EB17-4D09-8967-A7B0268466DB}.Release|Any CPU.Build.0 = Release|Any CPU
	EndGlobalSection
	GlobalSection(SolutionProperties) = preSolution
		HideSolutionNode = FALSE
	EndGlobalSection
	GlobalSection(ExtensibilityGlobals) = postSolution
		SolutionGuid = {E734BC84-9B7D-4F8C-BCF4-48A58F7C4729}
	EndGlobalSection
EndGlobal
